# Generated by pub
# See https://dart.dev/tools/pub/glossary#lockfile
packages:
  _fe_analyzer_shared:
    dependency: "direct main"
    description:
      path: "../dart_sdk/sdk/pkg/_fe_analyzer_shared"
      relative: true
    source: path
    version: "41.0.0"
  _js_interop_checks:
    dependency: "direct main"
    description:
      path: "../dart_sdk/sdk/pkg/_js_interop_checks"
      relative: true
    source: path
    version: "0.0.0"
  args:
    dependency: "direct main"
    description:
      name: args
      url: "https://pub.flutter-io.cn"
    source: hosted
    version: "1.6.0"
  async:
    dependency: transitive
    description:
      name: async
      url: "https://pub.flutter-io.cn"
    source: hosted
    version: "2.9.0"
  bazel_worker:
    dependency: transitive
    description:
      name: bazel_worker
      url: "https://pub.flutter-io.cn"
    source: hosted
    version: "0.1.21+1"
  build_integration:
    dependency: "direct main"
    description:
      path: "../dart_sdk/sdk/pkg/build_integration"
      relative: true
    source: path
    version: "0.0.0"
  charcode:
    dependency: transitive
    description:
      name: charcode
      url: "https://pub.flutter-io.cn"
    source: hosted
    version: "1.3.1"
  collection:
    dependency: transitive
    description:
      name: collection
      url: "https://pub.flutter-io.cn"
    source: hosted
    version: "1.16.0"
  compiler:
    dependency: "direct main"
    description:
      path: "../dart_sdk/sdk/pkg/compiler"
      relative: true
    source: path
    version: "0.0.0"
  convert:
    dependency: transitive
    description:
      name: convert
      url: "https://pub.flutter-io.cn"
    source: hosted
    version: "2.1.1"
  crypto:
    dependency: transitive
    description:
      name: crypto
      url: "https://pub.flutter-io.cn"
    source: hosted
    version: "2.1.5"
  dart2js_info:
    dependency: transitive
    description:
      name: dart2js_info
      url: "https://pub.flutter-io.cn"
    source: hosted
    version: "0.6.1"
  dev_compiler:
    dependency: "direct main"
    description:
      path: "../dart_sdk/sdk/pkg/dev_compiler"
      relative: true
    source: path
    version: "0.0.0"
  fixnum:
    dependency: transitive
    description:
      name: fixnum
      url: "https://pub.flutter-io.cn"
    source: hosted
    version: "0.10.11"
  front_end:
    dependency: "direct main"
    description:
      path: "../dart_sdk/sdk/pkg/front_end"
      relative: true
    source: path
    version: "0.0.0"
  frontend_server:
    dependency: "direct main"
    description:
      path: "../dart_sdk/sdk/pkg/frontend_server"
      relative: true
    source: path
    version: "0.0.0"
  http_parser:
    dependency: transitive
    description:
      name: http_parser
      url: "https://pub.flutter-io.cn"
    source: hosted
    version: "3.1.4"
  js_ast:
    dependency: "direct main"
    description:
      path: "../dart_sdk/sdk/pkg/js_ast"
      relative: true
    source: path
    version: "0.0.0"
  js_runtime:
    dependency: "direct main"
    description:
      path: "../dart_sdk/sdk/pkg/js_runtime"
      relative: true
    source: path
    version: "0.0.0"
  js_shared:
    dependency: "direct main"
    description:
      path: "../dart_sdk/sdk/pkg/js_shared"
      relative: true
    source: path
    version: "0.0.0"
  kernel:
    dependency: "direct main"
    description:
      path: "../dart_sdk/sdk/pkg/kernel"
      relative: true
    source: path
    version: "0.0.0"
  matcher:
    dependency: transitive
    description:
      name: matcher
      url: "https://pub.flutter-io.cn"
    source: hosted
    version: "0.12.5"
  meta:
    dependency: "direct main"
    description:
      path: "../dart_sdk/sdk/pkg/meta"
      relative: true
    source: path
    version: "1.8.0"
  mime:
    dependency: transitive
    description:
      name: mime
      url: "https://pub.flutter-io.cn"
    source: hosted
    version: "1.0.0"
  package_config:
    dependency: transitive
    description:
      name: package_config
      url: "https://pub.flutter-io.cn"
    source: hosted
    version: "1.9.3"
  path:
    dependency: transitive
    description:
      name: path
      url: "https://pub.flutter-io.cn"
    source: hosted
    version: "1.8.2"
  protobuf:
    dependency: transitive
    description:
      name: protobuf
      url: "https://pub.flutter-io.cn"
    source: hosted
    version: "0.10.8"
  quiver:
    dependency: transitive
    description:
      name: quiver
      url: "https://pub.flutter-io.cn"
    source: hosted
    version: "2.1.5"
  shelf:
    dependency: transitive
    description:
      name: shelf
      url: "https://pub.flutter-io.cn"
    source: hosted
    version: "0.7.9"
  shelf_static:
    dependency: transitive
    description:
      name: shelf_static
      url: "https://pub.flutter-io.cn"
    source: hosted
    version: "0.2.9+2"
  source_maps:
    dependency: transitive
    description:
      name: source_maps
      url: "https://pub.flutter-io.cn"
    source: hosted
    version: "0.10.10"
  source_span:
    dependency: transitive
    description:
      name: source_span
      url: "https://pub.flutter-io.cn"
    source: hosted
    version: "1.9.1"
  stack_trace:
    dependency: transitive
    description:
      name: stack_trace
      url: "https://pub.flutter-io.cn"
    source: hosted
    version: "1.10.0"
  stream_channel:
    dependency: transitive
    description:
      name: stream_channel
      url: "https://pub.flutter-io.cn"
    source: hosted
    version: "2.1.1"
  string_scanner:
    dependency: transitive
    description:
      name: string_scanner
      url: "https://pub.flutter-io.cn"
    source: hosted
    version: "1.1.1"
  term_glyph:
    dependency: transitive
    description:
      name: term_glyph
      url: "https://pub.flutter-io.cn"
    source: hosted
    version: "1.2.1"
  typed_data:
    dependency: transitive
    description:
      name: typed_data
      url: "https://pub.flutter-io.cn"
    source: hosted
    version: "1.3.1"
  usage:
    dependency: transitive
    description:
      name: usage
      url: "https://pub.flutter-io.cn"
    source: hosted
    version: "4.1.0"
  vm:
    dependency: "direct main"
    description:
      path: "../dart_sdk/sdk/pkg/vm"
      relative: true
    source: path
    version: "0.0.0"
  vm_service:
    dependency: transitive
    description:
      name: vm_service
      url: "https://pub.flutter-io.cn"
    source: hosted
    version: "9.4.0"
  yaml:
    dependency: transitive
    description:
      name: yaml
      url: "https://pub.flutter-io.cn"
    source: hosted
    version: "2.2.1"
sdks:
  dart: ">=2.18.6 <3.0.0"
