# Generated by pub
# See https://dart.dev/tools/pub/glossary#lockfile
packages:
  _fe_analyzer_shared:
    dependency: transitive
    description:
      name: _fe_analyzer_shared
      url: "https://pub.flutter-io.cn"
    source: hosted
    version: "34.0.0"
  _js_interop_checks:
    dependency: transitive
    description:
      path: "../dart-sdk-stable/pkg/_js_interop_checks"
      relative: true
    source: path
    version: "0.0.0"
  args:
    dependency: "direct main"
    description:
      name: args
      url: "https://pub.flutter-io.cn"
    source: hosted
    version: "2.3.0"
  async:
    dependency: transitive
    description:
      name: async
      url: "https://pub.flutter-io.cn"
    source: hosted
    version: "2.8.2"
  bazel_worker:
    dependency: transitive
    description:
      name: bazel_worker
      url: "https://pub.flutter-io.cn"
    source: hosted
    version: "1.0.1"
  build_integration:
    dependency: transitive
    description:
      path: "../dart-sdk-stable/pkg/build_integration"
      relative: true
    source: path
    version: "0.0.0"
  charcode:
    dependency: transitive
    description:
      name: charcode
      url: "https://pub.flutter-io.cn"
    source: hosted
    version: "1.3.1"
  cli_util:
    dependency: transitive
    description:
      name: cli_util
      url: "https://pub.flutter-io.cn"
    source: hosted
    version: "0.3.5"
  collection:
    dependency: transitive
    description:
      name: collection
      url: "https://pub.flutter-io.cn"
    source: hosted
    version: "1.15.0"
  compiler:
    dependency: transitive
    description:
      path: "../dart-sdk-stable/pkg/compiler"
      relative: true
    source: path
    version: "0.0.0"
  crypto:
    dependency: transitive
    description:
      name: crypto
      url: "https://pub.flutter-io.cn"
    source: hosted
    version: "3.0.1"
  dart2js_info:
    dependency: transitive
    description:
      path: "../dart-sdk-stable/pkg/dart2js_info"
      relative: true
    source: path
    version: "0.0.0"
  dev_compiler:
    dependency: transitive
    description:
      path: "../dart-sdk-stable/pkg/dev_compiler"
      relative: true
    source: path
    version: "0.0.0"
  fixnum:
    dependency: transitive
    description:
      name: fixnum
      url: "https://pub.flutter-io.cn"
    source: hosted
    version: "1.0.0"
  front_end:
    dependency: transitive
    description:
      path: "../dart-sdk-stable/pkg/front_end"
      relative: true
    source: path
    version: "0.0.0"
  frontend_server:
    dependency: "direct main"
    description:
      path: "/Users/lixin/Documents/FlutterWorkspace/dart-sdk-stable/pkg/frontend_server"
      relative: false
    source: path
    version: "0.0.0"
  http_parser:
    dependency: transitive
    description:
      name: http_parser
      url: "https://pub.flutter-io.cn"
    source: hosted
    version: "4.0.0"
  js_ast:
    dependency: transitive
    description:
      path: "../dart-sdk-stable/pkg/js_ast"
      relative: true
    source: path
    version: "0.0.0"
  js_runtime:
    dependency: transitive
    description:
      path: "../dart-sdk-stable/pkg/js_runtime"
      relative: true
    source: path
    version: "0.0.0"
  kernel:
    dependency: "direct main"
    description:
      path: "/Users/lixin/Documents/FlutterWorkspace/dart-sdk-stable/pkg/kernel"
      relative: false
    source: path
    version: "0.0.0"
  meta:
    dependency: transitive
    description:
      name: meta
      url: "https://pub.flutter-io.cn"
    source: hosted
    version: "1.7.0"
  package_config:
    dependency: transitive
    description:
      name: package_config
      url: "https://pub.flutter-io.cn"
    source: hosted
    version: "2.0.2"
  path:
    dependency: transitive
    description:
      name: path
      url: "https://pub.flutter-io.cn"
    source: hosted
    version: "1.8.1"
  protobuf:
    dependency: transitive
    description:
      name: protobuf
      url: "https://pub.flutter-io.cn"
    source: hosted
    version: "2.0.1"
  shelf:
    dependency: transitive
    description:
      name: shelf
      url: "https://pub.flutter-io.cn"
    source: hosted
    version: "1.2.0"
  source_maps:
    dependency: transitive
    description:
      name: source_maps
      url: "https://pub.flutter-io.cn"
    source: hosted
    version: "0.10.10"
  source_span:
    dependency: transitive
    description:
      name: source_span
      url: "https://pub.flutter-io.cn"
    source: hosted
    version: "1.8.2"
  stack_trace:
    dependency: transitive
    description:
      name: stack_trace
      url: "https://pub.flutter-io.cn"
    source: hosted
    version: "1.10.0"
  stream_channel:
    dependency: transitive
    description:
      name: stream_channel
      url: "https://pub.flutter-io.cn"
    source: hosted
    version: "2.1.0"
  string_scanner:
    dependency: transitive
    description:
      name: string_scanner
      url: "https://pub.flutter-io.cn"
    source: hosted
    version: "1.1.0"
  term_glyph:
    dependency: transitive
    description:
      name: term_glyph
      url: "https://pub.flutter-io.cn"
    source: hosted
    version: "1.2.0"
  typed_data:
    dependency: transitive
    description:
      name: typed_data
      url: "https://pub.flutter-io.cn"
    source: hosted
    version: "1.3.0"
  usage:
    dependency: transitive
    description:
      name: usage
      url: "https://pub.flutter-io.cn"
    source: hosted
    version: "4.0.2"
  vm:
    dependency: transitive
    description:
      path: "../dart-sdk-stable/pkg/vm"
      relative: true
    source: path
    version: "0.0.0"
  yaml:
    dependency: transitive
    description:
      name: yaml
      url: "https://pub.flutter-io.cn"
    source: hosted
    version: "3.1.0"
sdks:
  dart: ">=2.15.0 <3.0.0"
