# Generated by pub
# See https://dart.dev/tools/pub/glossary#lockfile
packages:
  _fe_analyzer_shared:
    dependency: "direct main"
    description:
      path: "../dart_sdk/sdk/pkg/_fe_analyzer_shared"
      relative: true
    source: path
    version: "58.0.0"
  _js_interop_checks:
    dependency: "direct main"
    description:
      path: "../dart_sdk/sdk/pkg/_js_interop_checks"
      relative: true
    source: path
    version: "0.0.0"
  args:
    dependency: "direct main"
    description:
      name: args
      sha256: eef6c46b622e0494a36c5a12d10d77fb4e855501a91c1b9ef9339326e58f0596
      url: "https://pub.flutter-io.cn"
    source: hosted
    version: "2.4.2"
  async:
    dependency: transitive
    description:
      name: async
      sha256: "271b8899fc99f9df4f4ed419fa14e2fff392c7b2c162fbb87b222e2e963ddc73"
      url: "https://pub.flutter-io.cn"
    source: hosted
    version: "2.9.0"
  bazel_worker:
    dependency: transitive
    description:
      name: bazel_worker
      sha256: "500584fdb80bcb70a2990a5838338a757cc24bbf27d88bf791cbe9461c57cd5a"
      url: "https://pub.flutter-io.cn"
    source: hosted
    version: "1.0.2"
  build_integration:
    dependency: "direct main"
    description:
      path: "../dart_sdk/sdk/pkg/build_integration"
      relative: true
    source: path
    version: "0.0.0"
  characters:
    dependency: transitive
    description:
      name: characters
      sha256: "04a925763edad70e8443c99234dc3328f442e811f1d8fd1a72f1c8ad0f69a605"
      url: "https://pub.flutter-io.cn"
    source: hosted
    version: "1.3.0"
  collection:
    dependency: transitive
    description:
      name: collection
      sha256: "4a07be6cb69c84d677a6c3096fcf960cc3285a8330b4603e0d463d15d9bd934c"
      url: "https://pub.flutter-io.cn"
    source: hosted
    version: "1.17.1"
  compiler:
    dependency: "direct main"
    description:
      path: "../dart_sdk/sdk/pkg/compiler"
      relative: true
    source: path
    version: "0.0.0"
  crypto:
    dependency: transitive
    description:
      name: crypto
      sha256: ff625774173754681d66daaf4a448684fb04b78f902da9cb3d308c19cc5e8bab
      url: "https://pub.flutter-io.cn"
    source: hosted
    version: "3.0.3"
  dart2js_info:
    dependency: "direct main"
    description:
      path: "../dart_sdk/sdk/pkg/dart2js_info"
      relative: true
    source: path
    version: "0.0.0"
  dev_compiler:
    dependency: "direct main"
    description:
      path: "../dart_sdk/sdk/pkg/dev_compiler"
      relative: true
    source: path
    version: "0.0.0"
  ffi:
    dependency: transitive
    description:
      name: ffi
      sha256: ed5337a5660c506388a9f012be0288fb38b49020ce2b45fe1f8b8323fe429f99
      url: "https://pub.flutter-io.cn"
    source: hosted
    version: "2.0.2"
  fixnum:
    dependency: transitive
    description:
      name: fixnum
      sha256: "25517a4deb0c03aa0f32fd12db525856438902d9c16536311e76cdc57b31d7d1"
      url: "https://pub.flutter-io.cn"
    source: hosted
    version: "1.1.0"
  flutter:
    dependency: transitive
    description: flutter
    source: sdk
    version: "0.0.0"
  front_end:
    dependency: "direct main"
    description:
      path: "../dart_sdk/sdk/pkg/front_end"
      relative: true
    source: path
    version: "0.0.0"
  frontend_server:
    dependency: "direct main"
    description:
      path: "../dart_sdk/sdk/pkg/frontend_server"
      relative: true
    source: path
    version: "0.0.0"
  http_parser:
    dependency: transitive
    description:
      name: http_parser
      sha256: "2aa08ce0341cc9b354a498388e30986515406668dbcc4f7c950c3e715496693b"
      url: "https://pub.flutter-io.cn"
    source: hosted
    version: "4.0.2"
  js:
    dependency: transitive
    description:
      name: js
      sha256: f2c445dce49627136094980615a031419f7f3eb393237e4ecd97ac15dea343f3
      url: "https://pub.flutter-io.cn"
    source: hosted
    version: "0.6.7"
  js_ast:
    dependency: "direct main"
    description:
      path: "../dart_sdk/sdk/pkg/js_ast"
      relative: true
    source: path
    version: "0.0.0"
  js_runtime:
    dependency: "direct main"
    description:
      path: "../dart_sdk/sdk/pkg/js_runtime"
      relative: true
    source: path
    version: "0.0.0"
  js_shared:
    dependency: "direct main"
    description:
      path: "../dart_sdk/sdk/pkg/js_shared"
      relative: true
    source: path
    version: "0.0.0"
  kernel:
    dependency: "direct main"
    description:
      path: "../dart_sdk/sdk/pkg/kernel"
      relative: true
    source: path
    version: "0.0.0"
  material_color_utilities:
    dependency: transitive
    description:
      name: material_color_utilities
      sha256: d92141dc6fe1dad30722f9aa826c7fbc896d021d792f80678280601aff8cf724
      url: "https://pub.flutter-io.cn"
    source: hosted
    version: "0.2.0"
  meta:
    dependency: "direct main"
    description:
      path: "../dart_sdk/sdk/pkg/meta"
      relative: true
    source: path
    version: "1.9.1"
  mmap:
    dependency: transitive
    description:
      name: mmap
      sha256: "774ad3f895008bf77ec780591f9c352a5e635541eef9735806579e312b9774ea"
      url: "https://pub.flutter-io.cn"
    source: hosted
    version: "0.0.2"
  package_config:
    dependency: transitive
    description:
      name: package_config
      sha256: "1c5b77ccc91e4823a5af61ee74e6b972db1ef98c2ff5a18d3161c982a55448bd"
      url: "https://pub.flutter-io.cn"
    source: hosted
    version: "2.1.0"
  path:
    dependency: transitive
    description:
      name: path
      sha256: db9d4f58c908a4ba5953fcee2ae317c94889433e5024c27ce74a37f94267945b
      url: "https://pub.flutter-io.cn"
    source: hosted
    version: "1.8.2"
  plugin_platform_interface:
    dependency: transitive
    description:
      name: plugin_platform_interface
      sha256: "6a2128648c854906c53fa8e33986fc0247a1116122f9534dd20e3ab9e16a32bc"
      url: "https://pub.flutter-io.cn"
    source: hosted
    version: "2.1.4"
  protobuf:
    dependency: transitive
    description:
      name: protobuf
      sha256: "01dd9bd0fa02548bf2ceee13545d4a0ec6046459d847b6b061d8a27237108a08"
      url: "https://pub.flutter-io.cn"
    source: hosted
    version: "2.1.0"
  shelf:
    dependency: transitive
    description:
      name: shelf
      sha256: ad29c505aee705f41a4d8963641f91ac4cee3c8fad5947e033390a7bd8180fa4
      url: "https://pub.flutter-io.cn"
    source: hosted
    version: "1.4.1"
  sky_engine:
    dependency: transitive
    description: flutter
    source: sdk
    version: "0.0.99"
  source_maps:
    dependency: transitive
    description:
      name: source_maps
      sha256: "52de2200bb098de739794c82d09c41ac27b2e42fd7e23cce7b9c74bf653c7296"
      url: "https://pub.flutter-io.cn"
    source: hosted
    version: "0.10.10"
  source_span:
    dependency: transitive
    description:
      name: source_span
      sha256: dd904f795d4b4f3b870833847c461801f6750a9fa8e61ea5ac53f9422b31f250
      url: "https://pub.flutter-io.cn"
    source: hosted
    version: "1.9.1"
  stack_trace:
    dependency: transitive
    description:
      name: stack_trace
      sha256: f8d9f247e2f9f90e32d1495ff32dac7e4ae34ffa7194c5ff8fcc0fd0e52df774
      url: "https://pub.flutter-io.cn"
    source: hosted
    version: "1.10.0"
  stdlibc:
    dependency: transitive
    description:
      name: stdlibc
      sha256: "953a7bfbd94ce17485cfb3721f1731e5b8be91b5b2bd46355d7c34a7ad96a6ba"
      url: "https://pub.flutter-io.cn"
    source: hosted
    version: "0.1.4"
  stream_channel:
    dependency: transitive
    description:
      name: stream_channel
      sha256: "83615bee9045c1d322bbbd1ba209b7a749c2cbcdcb3fdd1df8eb488b3279c1c8"
      url: "https://pub.flutter-io.cn"
    source: hosted
    version: "2.1.1"
  string_scanner:
    dependency: transitive
    description:
      name: string_scanner
      sha256: "862015c5db1f3f3c4ea3b94dc2490363a84262994b88902315ed74be1155612f"
      url: "https://pub.flutter-io.cn"
    source: hosted
    version: "1.1.1"
  term_glyph:
    dependency: transitive
    description:
      name: term_glyph
      sha256: a29248a84fbb7c79282b40b8c72a1209db169a2e0542bce341da992fe1bc7e84
      url: "https://pub.flutter-io.cn"
    source: hosted
    version: "1.2.1"
  typed_data:
    dependency: transitive
    description:
      name: typed_data
      sha256: "26f87ade979c47a150c9eaab93ccd2bebe70a27dc0b4b29517f2904f04eb11a5"
      url: "https://pub.flutter-io.cn"
    source: hosted
    version: "1.3.1"
  usage:
    dependency: transitive
    description:
      name: usage
      sha256: ccc861ca619157046d961a1d7fa21a364476c574bb8f3e90219e41b9103adee0
      url: "https://pub.flutter-io.cn"
    source: hosted
    version: "4.1.0"
  vector_math:
    dependency: transitive
    description:
      name: vector_math
      sha256: "80b3257d1492ce4d091729e3a67a60407d227c27241d6927be0130c98e741803"
      url: "https://pub.flutter-io.cn"
    source: hosted
    version: "2.1.4"
  vm:
    dependency: "direct main"
    description:
      path: "../dart_sdk/sdk/pkg/vm"
      relative: true
    source: path
    version: "0.0.0"
  vm_service:
    dependency: transitive
    description:
      name: vm_service
      sha256: e7fb6c2282f7631712b69c19d1bff82f3767eea33a2321c14fa59ad67ea391c7
      url: "https://pub.flutter-io.cn"
    source: hosted
    version: "9.4.0"
  vm_snapshot_analysis:
    dependency: transitive
    description:
      name: vm_snapshot_analysis
      sha256: "3bb24a21a4ca9c385fa5caaa1f8263ada068be6e96c8b1cbbb0c5aa0a5cfc4db"
      url: "https://pub.flutter-io.cn"
    source: hosted
    version: "0.7.2"
  yaml:
    dependency: transitive
    description:
      name: yaml
      sha256: "75769501ea3489fca56601ff33454fe45507ea3bfb014161abc3b43ae25989d5"
      url: "https://pub.flutter-io.cn"
    source: hosted
    version: "3.1.2"
sdks:
  dart: ">=3.0.0 <4.0.0"
  flutter: ">=2.5.0"
